# This file was autogenerated by Stack.
# You should not edit this file by hand.
# For more information, please see the documentation at:
#   https://docs.haskellstack.org/en/stable/lock_files

packages:
- completed:
    size: 65583
    subdir: qtility
    url: https://github.com/quanterall/qtility/archive/847493e9b4229e4f6c0ad8e4a008ac4b72da6a0a.tar.gz
    name: qtility
    version: 1.3.0
    sha256: 75706b180cb3fc89a5f0e9f7a543f8d862721d241e7110078f4e7f95620c6079
    pantry-tree:
      size: 1723
      sha256: e147201583341dbf6513f44eeced4b36916e007dc2f8942be03750c334886e36
  original:
    subdir: qtility
    url: https://github.com/quanterall/qtility/archive/847493e9b4229e4f6c0ad8e4a008ac4b72da6a0a.tar.gz
snapshots:
- completed:
    size: 590100
    url: https://raw.githubusercontent.com/commercialhaskell/stackage-snapshots/master/lts/18/28.yaml
    sha256: 428ec8d5ce932190d3cbe266b9eb3c175cd81e984babf876b64019e2cbe4ea68
  original: lts-18.28
